// !$*UTF8*$!
{
	archiveVersion = 1;
	classes = {
	};
	objectVersion = 55;
	objects = {

/* Begin PBXBuildFile section */
		743D865327AD5056006672F0 /* RedditCloneApp.swift in Sources */ = {isa = PBXBuildFile; fileRef = 743D865227AD5056006672F0 /* RedditCloneApp.swift */; };
		743D865527AD5056006672F0 /* ContentView.swift in Sources */ = {isa = PBXBuildFile; fileRef = 743D865427AD5056006672F0 /* ContentView.swift */; };
		743D865727AD5058006672F0 /* Assets.xcassets in Resources */ = {isa = PBXBuildFile; fileRef = 743D865627AD5058006672F0 /* Assets.xcassets */; };
		743D865A27AD5058006672F0 /* Preview Assets.xcassets in Resources */ = {isa = PBXBuildFile; fileRef = 743D865927AD5058006672F0 /* Preview Assets.xcassets */; };
		743D866127AD509C006672F0 /* redditData.swift in Sources */ = {isa = PBXBuildFile; fileRef = 743D866027AD509C006672F0 /* redditData.swift */; };
		743D866427AD50DE006672F0 /* NetworkManager.swift in Sources */ = {isa = PBXBuildFile; fileRef = 743D866327AD50DE006672F0 /* NetworkManager.swift */; };
		743D866727AD63C9006672F0 /* DetailView.swift in Sources */ = {isa = PBXBuildFile; fileRef = 743D866627AD63C9006672F0 /* DetailView.swift */; };
		743D866927AD63CF006672F0 /* Webview.swift in Sources */ = {isa = PBXBuildFile; fileRef = 743D866827AD63CF006672F0 /* Webview.swift */; };
/* End PBXBuildFile section */

/* Begin PBXFileReference section */
		743D864F27AD5056006672F0 /* RedditClone.app */ = {isa = PBXFileReference; explicitFileType = wrapper.application; includeInIndex = 0; path = RedditClone.app; sourceTree = BUILT_PRODUCTS_DIR; };
		743D865227AD5056006672F0 /* RedditCloneApp.swift */ = {isa = PBXFileReference; lastKnownFileType = sourcecode.swift; path = RedditCloneApp.swift; sourceTree = "<group>"; };
		743D865427AD5056006672F0 /* ContentView.swift */ = {isa = PBXFileReference; lastKnownFileType = sourcecode.swift; path = ContentView.swift; sourceTree = "<group>"; };
		743D865627AD5058006672F0 /* Assets.xcassets */ = {isa = PBXFileReference; lastKnownFileType = folder.assetcatalog; path = Assets.xcassets; sourceTree = "<group>"; };
		743D865927AD5058006672F0 /* Preview Assets.xcassets */ = {isa = PBXFileReference; lastKnownFileType = folder.assetcatalog; path = "Preview Assets.xcassets"; sourceTree = "<group>"; };
		743D866027AD509C006672F0 /* redditData.swift */ = {isa = PBXFileReference; lastKnownFileType = sourcecode.swift; path = redditData.swift; sourceTree = "<group>"; };
		743D866327AD50DE006672F0 /* NetworkManager.swift */ = {isa = PBXFileReference; lastKnownFileType = sourcecode.swift; path = NetworkManager.swift; sourceTree = "<group>"; };
		743D866627AD63C9006672F0 /* DetailView.swift */ = {isa = PBXFileReference; fileEncoding = 4; lastKnownFileType = sourcecode.swift; path = DetailView.swift; sourceTree = "<group>"; };
		743D866827AD63CF006672F0 /* Webview.swift */ = {isa = PBXFileReference; fileEncoding = 4; lastKnownFileType = sourcecode.swift; path = Webview.swift; sourceTree = "<group>"; };
/* End PBXFileReference section */

/* Begin PBXFrameworksBuildPhase section */
		743D864C27AD5056006672F0 /* Frameworks */ = {
			isa = PBXFrameworksBuildPhase;
			buildActionMask = 2147483647;
			files = (
			);
			runOnlyForDeploymentPostprocessing = 0;
		};
/* End PBXFrameworksBuildPhase section */

/* Begin PBXGroup section */
		743D864627AD5056006672F0 = {
			isa = PBXGroup;
			children = (
				743D865127AD5056006672F0 /* RedditClone */,
				743D865027AD5056006672F0 /* Products */,
			);
			sourceTree = "<group>";
		};
		743D865027AD5056006672F0 /* Products */ = {
			isa = PBXGroup;
			children = (
				743D864F27AD5056006672F0 /* RedditClone.app */,
			);
			name = Products;
			sourceTree = "<group>";
		};
		743D865127AD5056006672F0 /* RedditClone */ = {
			isa = PBXGroup;
			children = (
				743D865227AD5056006672F0 /* RedditCloneApp.swift */,
				743D866227AD50CA006672F0 /* Model */,
				743D866527AD520D006672F0 /* Views */,
				743D865627AD5058006672F0 /* Assets.xcassets */,
				743D865827AD5058006672F0 /* Preview Content */,
			);
			path = RedditClone;
			sourceTree = "<group>";
		};
		743D865827AD5058006672F0 /* Preview Content */ = {
			isa = PBXGroup;
			children = (
				743D865927AD5058006672F0 /* Preview Assets.xcassets */,
			);
			path = "Preview Content";
			sourceTree = "<group>";
		};
		743D866227AD50CA006672F0 /* Model */ = {
			isa = PBXGroup;
			children = (
				743D866027AD509C006672F0 /* redditData.swift */,
				743D866327AD50DE006672F0 /* NetworkManager.swift */,
			);
			path = Model;
			sourceTree = "<group>";
		};
		743D866527AD520D006672F0 /* Views */ = {
			isa = PBXGroup;
			children = (
				743D865427AD5056006672F0 /* ContentView.swift */,
				743D866627AD63C9006672F0 /* DetailView.swift */,
				743D866827AD63CF006672F0 /* Webview.swift */,
			);
			path = Views;
			sourceTree = "<group>";
		};
/* End PBXGroup section */

/* Begin PBXNativeTarget section */
		743D864E27AD5056006672F0 /* RedditClone */ = {
			isa = PBXNativeTarget;
			buildConfigurationList = 743D865D27AD5058006672F0 /* Build configuration list for PBXNativeTarget "RedditClone" */;
			buildPhases = (
				743D864B27AD5056006672F0 /* Sources */,
				743D864C27AD5056006672F0 /* Frameworks */,
				743D864D27AD5056006672F0 /* Resources */,
			);
			buildRules = (
			);
			dependencies = (
			);
			name = RedditClone;
			productName = RedditClone;
			productReference = 743D864F27AD5056006672F0 /* RedditClone.app */;
			productType = "com.apple.product-type.application";
		};
/* End PBXNativeTarget section */

/* Begin PBXProject section */
		743D864727AD5056006672F0 /* Project object */ = {
			isa = PBXProject;
			attributes = {
				BuildIndependentTargetsInParallel = 1;
				LastSwiftUpdateCheck = 1320;
				LastUpgradeCheck = 1320;
				TargetAttributes = {
					743D864E27AD5056006672F0 = {
						CreatedOnToolsVersion = 13.2.1;
					};
				};
			};
			buildConfigurationList = 743D864A27AD5056006672F0 /* Build configuration list for PBXProject "RedditClone" */;
			compatibilityVersion = "Xcode 13.0";
			developmentRegion = en;
			hasScannedForEncodings = 0;
			knownRegions = (
				en,
				Base,
			);
			mainGroup = 743D864627AD5056006672F0;
			productRefGroup = 743D865027AD5056006672F0 /* Products */;
			projectDirPath = "";
			projectRoot = "";
			targets = (
				743D864E27AD5056006672F0 /* RedditClone */,
			);
		};
/* End PBXProject section */

/* Begin PBXResourcesBuildPhase section */
		743D864D27AD5056006672F0 /* Resources */ = {
			isa = PBXResourcesBuildPhase;
			buildActionMask = 2147483647;
			files = (
				743D865A27AD5058006672F0 /* Preview Assets.xcassets in Resources */,
				743D865727AD5058006672F0 /* Assets.xcassets in Resources */,
			);
			runOnlyForDeploymentPostprocessing = 0;
		};
/* End PBXResourcesBuildPhase section */

/* Begin PBXSourcesBuildPhase section */
		743D864B27AD5056006672F0 /* Sources */ = {
			isa = PBXSourcesBuildPhase;
			buildActionMask = 2147483647;
			files = (
				743D866427AD50DE006672F0 /* NetworkManager.swift in Sources */,
				743D865527AD5056006672F0 /* ContentView.swift in Sources */,
				743D865327AD5056006672F0 /* RedditCloneApp.swift in Sources */,
				743D866927AD63CF006672F0 /* Webview.swift in Sources */,
				743D866727AD63C9006672F0 /* DetailView.swift in Sources */,
				743D866127AD509C006672F0 /* redditData.swift in Sources */,
			);
			runOnlyForDeploymentPostprocessing = 0;
		};
/* End PBXSourcesBuildPhase section */

/* Begin XCBuildConfiguration section */
		743D865B27AD5058006672F0 /* Debug */ = {
			isa = XCBuildConfiguration;
			buildSettings = {
				ALWAYS_SEARCH_USER_PATHS = NO;
				CLANG_ANALYZER_NONNULL = YES;
				CLANG_ANALYZER_NUMBER_OBJECT_CONVERSION = YES_AGGRESSIVE;
				CLANG_CXX_LANGUAGE_STANDARD = "gnu++17";
				CLANG_CXX_LIBRARY = "libc++";
				CLANG_ENABLE_MODULES = YES;
				CLANG_ENABLE_OBJC_ARC = YES;
				CLANG_ENABLE_OBJC_WEAK = YES;
				CLANG_WARN_BLOCK_CAPTURE_AUTORELEASING = YES;
				CLANG_WARN_BOOL_CONVERSION = YES;
				CLANG_WARN_COMMA = YES;
				CLANG_WARN_CONSTANT_CONVERSION = YES;
				CLANG_WARN_DEPRECATED_OBJC_IMPLEMENTATIONS = YES;
				CLANG_WARN_DIRECT_OBJC_ISA_USAGE = YES_ERROR;
				CLANG_WARN_DOCUMENTATION_COMMENTS = YES;
				CLANG_WARN_EMPTY_BODY = YES;
				CLANG_WARN_ENUM_CONVERSION = YES;
				CLANG_WARN_INFINITE_RECURSION = YES;
				CLANG_WARN_INT_CONVERSION = YES;
				CLANG_WARN_NON_LITERAL_NULL_CONVERSION = YES;
				CLANG_WARN_OBJC_IMPLICIT_RETAIN_SELF = YES;
				CLANG_WARN_OBJC_LITERAL_CONVERSION = YES;
				CLANG_WARN_OBJC_ROOT_CLASS = YES_ERROR;
				CLANG_WARN_QUOTED_INCLUDE_IN_FRAMEWORK_HEADER = YES;
				CLANG_WARN_RANGE_LOOP_ANALYSIS = YES;
				CLANG_WARN_STRICT_PROTOTYPES = YES;
				CLANG_WARN_SUSPICIOUS_MOVE = YES;
				CLANG_WARN_UNGUARDED_AVAILABILITY = YES_AGGRESSIVE;
				CLANG_WARN_UNREACHABLE_CODE = YES;
				CLANG_WARN__DUPLICATE_METHOD_MATCH = YES;
				COPY_PHASE_STRIP = NO;
				DEBUG_INFORMATION_FORMAT = dwarf;
				ENABLE_STRICT_OBJC_MSGSEND = YES;
				ENABLE_TESTABILITY = YES;
				GCC_C_LANGUAGE_STANDARD = gnu11;
				GCC_DYNAMIC_NO_PIC = NO;
				GCC_NO_COMMON_BLOCKS = YES;
				GCC_OPTIMIZATION_LEVEL = 0;
				GCC_PREPROCESSOR_DEFINITIONS = (
					"DEBUG=1",
					"$(inherited)",
				);
				GCC_WARN_64_TO_32_BIT_CONVERSION = YES;
				GCC_WARN_ABOUT_RETURN_TYPE = YES_ERROR;
				GCC_WARN_UNDECLARED_SELECTOR = YES;
				GCC_WARN_UNINITIALIZED_AUTOS = YES_AGGRESSIVE;
				GCC_WARN_UNUSED_FUNCTION = YES;
				GCC_WARN_UNUSED_VARIABLE = YES;
				IPHONEOS_DEPLOYMENT_TARGET = 15.2;
				MTL_ENABLE_DEBUG_INFO = INCLUDE_SOURCE;
				MTL_FAST_MATH = YES;
				ONLY_ACTIVE_ARCH = YES;
				SDKROOT = iphoneos;
				SWIFT_ACTIVE_COMPILATION_CONDITIONS = DEBUG;
				SWIFT_OPTIMIZATION_LEVEL = "-Onone";
			};
			name = Debug;
		};
		743D865C27AD5058006672F0 /* Release */ = {
			isa = XCBuildConfiguration;
			buildSettings = {
				ALWAYS_SEARCH_USER_PATHS = NO;
				CLANG_ANALYZER_NONNULL = YES;
				CLANG_ANALYZER_NUMBER_OBJECT_CONVERSION = YES_AGGRESSIVE;
				CLANG_CXX_LANGUAGE_STANDARD = "gnu++17";
				CLANG_CXX_LIBRARY = "libc++";
				CLANG_ENABLE_MODULES = YES;
				CLANG_ENABLE_OBJC_ARC = YES;
				CLANG_ENABLE_OBJC_WEAK = YES;
				CLANG_WARN_BLOCK_CAPTURE_AUTORELEASING = YES;
				CLANG_WARN_BOOL_CONVERSION = YES;
				CLANG_WARN_COMMA = YES;
				CLANG_WARN_CONSTANT_CONVERSION = YES;
				CLANG_WARN_DEPRECATED_OBJC_IMPLEMENTATIONS = YES;
				CLANG_WARN_DIRECT_OBJC_ISA_USAGE = YES_ERROR;
				CLANG_WARN_DOCUMENTATION_COMMENTS = YES;
				CLANG_WARN_EMPTY_BODY = YES;
				CLANG_WARN_ENUM_CONVERSION = YES;
				CLANG_WARN_INFINITE_RECURSION = YES;
				CLANG_WARN_INT_CONVERSION = YES;
				CLANG_WARN_NON_LITERAL_NULL_CONVERSION = YES;
				CLANG_WARN_OBJC_IMPLICIT_RETAIN_SELF = YES;
				CLANG_WARN_OBJC_LITERAL_CONVERSION = YES;
				CLANG_WARN_OBJC_ROOT_CLASS = YES_ERROR;
				CLANG_WARN_QUOTED_INCLUDE_IN_FRAMEWORK_HEADER = YES;
				CLANG_WARN_RANGE_LOOP_ANALYSIS = YES;
				CLANG_WARN_STRICT_PROTOTYPES = YES;
				CLANG_WARN_SUSPICIOUS_MOVE = YES;
				CLANG_WARN_UNGUARDED_AVAILABILITY = YES_AGGRESSIVE;
				CLANG_WARN_UNREACHABLE_CODE = YES;
				CLANG_WARN__DUPLICATE_METHOD_MATCH = YES;
				COPY_PHASE_STRIP = NO;
				DEBUG_INFORMATION_FORMAT = "dwarf-with-dsym";
				ENABLE_NS_ASSERTIONS = NO;
				ENABLE_STRICT_OBJC_MSGSEND = YES;
				GCC_C_LANGUAGE_STANDARD = gnu11;
				GCC_NO_COMMON_BLOCKS = YES;
				GCC_WARN_64_TO_32_BIT_CONVERSION = YES;
				GCC_WARN_ABOUT_RETURN_TYPE = YES_ERROR;
				GCC_WARN_UNDECLARED_SELECTOR = YES;
				GCC_WARN_UNINITIALIZED_AUTOS = YES_AGGRESSIVE;
				GCC_WARN_UNUSED_FUNCTION = YES;
				GCC_WARN_UNUSED_VARIABLE = YES;
				IPHONEOS_DEPLOYMENT_TARGET = 15.2;
				MTL_ENABLE_DEBUG_INFO = NO;
				MTL_FAST_MATH = YES;
				SDKROOT = iphoneos;
				SWIFT_COMPILATION_MODE = wholemodule;
				SWIFT_OPTIMIZATION_LEVEL = "-O";
				VALIDATE_PRODUCT = YES;
			};
			name = Release;
		};
		743D865E27AD5058006672F0 /* Debug */ = {
			isa = XCBuildConfiguration;
			buildSettings = {
				ASSETCATALOG_COMPILER_APPICON_NAME = AppIcon;
				ASSETCATALOG_COMPILER_GLOBAL_ACCENT_COLOR_NAME = AccentColor;
				CODE_SIGN_STYLE = Automatic;
				CURRENT_PROJECT_VERSION = 1;
				DEVELOPMENT_ASSET_PATHS = "\"RedditClone/Preview Content\"";
				DEVELOPMENT_TEAM = 8X5952S296;
				ENABLE_PREVIEWS = YES;
				GENERATE_INFOPLIST_FILE = YES;
				INFOPLIST_KEY_UIApplicationSceneManifest_Generation = YES;
				INFOPLIST_KEY_UIApplicationSupportsIndirectInputEvents = YES;
				INFOPLIST_KEY_UILaunchScreen_Generation = YES;
				INFOPLIST_KEY_UISupportedInterfaceOrientations_iPad = "UIInterfaceOrientationPortrait UIInterfaceOrientationPortraitUpsideDown UIInterfaceOrientationLandscapeLeft UIInterfaceOrientationLandscapeRight";
				INFOPLIST_KEY_UISupportedInterfaceOrientations_iPhone = "UIInterfaceOrientationPortrait UIInterfaceOrientationLandscapeLeft UIInterfaceOrientationLandscapeRight";
				LD_RUNPATH_SEARCH_PATHS = (
					"$(inherited)",
					"@executable_path/Frameworks",
				);
				MARKETING_VERSION = 1.0;
				PRODUCT_BUNDLE_IDENTIFIER = com.YusufSimsek.RedditClone;
				PRODUCT_NAME = "$(TARGET_NAME)";
				SWIFT_EMIT_LOC_STRINGS = YES;
				SWIFT_VERSION = 5.0;
				TARGETED_DEVICE_FAMILY = "1,2";
			};
			name = Debug;
		};
		743D865F27AD5058006672F0 /* Release */ = {
			isa = XCBuildConfiguration;
			buildSettings = {
				ASSETCATALOG_COMPILER_APPICON_NAME = AppIcon;
				ASSETCATALOG_COMPILER_GLOBAL_ACCENT_COLOR_NAME = AccentColor;
				CODE_SIGN_STYLE = Automatic;
				CURRENT_PROJECT_VERSION = 1;
				DEVELOPMENT_ASSET_PATHS = "\"RedditClone/Preview Content\"";
				DEVELOPMENT_TEAM = 8X5952S296;
				ENABLE_PREVIEWS = YES;
				GENERATE_INFOPLIST_FILE = YES;
				INFOPLIST_KEY_UIApplicationSceneManifest_Generation = YES;
				INFOPLIST_KEY_UIApplicationSupportsIndirectInputEvents = YES;
				INFOPLIST_KEY_UILaunchScreen_Generation = YES;
				INFOPLIST_KEY_UISupportedInterfaceOrientations_iPad = "UIInterfaceOrientationPortrait UIInterfaceOrientationPortraitUpsideDown UIInterfaceOrientationLandscapeLeft UIInterfaceOrientationLandscapeRight";
				INFOPLIST_KEY_UISupportedInterfaceOrientations_iPhone = "UIInterfaceOrientationPortrait UIInterfaceOrientationLandscapeLeft UIInterfaceOrientationLandscapeRight";
				LD_RUNPATH_SEARCH_PATHS = (
					"$(inherited)",
					"@executable_path/Frameworks",
				);
				MARKETING_VERSION = 1.0;
				PRODUCT_BUNDLE_IDENTIFIER = com.YusufSimsek.RedditClone;
				PRODUCT_NAME = "$(TARGET_NAME)";
				SWIFT_EMIT_LOC_STRINGS = YES;
				SWIFT_VERSION = 5.0;
				TARGETED_DEVICE_FAMILY = "1,2";
			};
			name = Release;
		};
/* End XCBuildConfiguration section */

/* Begin XCConfigurationList section */
		743D864A27AD5056006672F0 /* Build configuration list for PBXProject "RedditClone" */ = {
			isa = XCConfigurationList;
			buildConfigurations = (
				743D865B27AD5058006672F0 /* Debug */,
				743D865C27AD5058006672F0 /* Release */,
			);
			defaultConfigurationIsVisible = 0;
			defaultConfigurationName = Release;
		};
		743D865D27AD5058006672F0 /* Build configuration list for PBXNativeTarget "RedditClone" */ = {
			isa = XCConfigurationList;
			buildConfigurations = (
				743D865E27AD5058006672F0 /* Debug */,
				743D865F27AD5058006672F0 /* Release */,
			);
			defaultConfigurationIsVisible = 0;
			defaultConfigurationName = Release;
		};
/* End XCConfigurationList section */
	};
	rootObject = 743D864727AD5056006672F0 /* Project object */;
}
